
Microsoft Visual Studio Solution File, Format Version 12.00
# Visual Studio 15
VisualStudioVersion = 15.0.26730.15
MinimumVisualStudioVersion = 10.0.40219.1
Project("{2150E333-8FDC-42A3-9474-1A3956D46DE8}") = "Framework", "Framework", "{7F453299-628D-465E-A67D-62427704E729}"
EndProject
Project("{9A19103F-16F7-4668-BE54-9A1E7A4F7556}") = "Chat.Core", "Chat.Core\Chat.Core.csproj", "{BA1D611A-EA29-4C2E-9C47-8839A9909ABC}"
EndProject
Project("{9A19103F-16F7-4668-BE54-9A1E7A4F7556}") = "Chat.Common", "Chat.Common\Chat.Common.csproj", "{50B2DB8E-51A5-4763-AE13-887CB4D25A10}"
EndProject
Project("{9A19103F-16F7-4668-BE54-9A1E7A4F7556}") = "Chat.Service", "Chat.Service\Chat.Service.csproj", "{4E7B1918-A56A-4DD9-B617-D0805ECC3FE2}"
EndProject
Project("{9A19103F-16F7-4668-BE54-9A1E7A4F7556}") = "Chat.Data", "Chat.Data\Chat.Data.csproj", "{707CF43A-2366-4C25-A12D-678BF45AD3FB}"
EndProject
Project("{9A19103F-16F7-4668-BE54-9A1E7A4F7556}") = "Chat.Admin.Api", "Chat.Admin.Api\Chat.Admin.Api.csproj", "{6E975601-E3E0-4811-9DB1-C4C7153A4EAC}"
EndProject
Project("{FAE04EC0-301F-11D3-BF4B-00C04F79EFBC}") = "Chat.Admin.Dashboard", "Chat.Admin.Dashboard\Chat.Admin.Dashboard.csproj", "{75EB878F-84EE-4E25-8D8A-2FF6A809BE23}"
EndProject
Global
	GlobalSection(SolutionConfigurationPlatforms) = preSolution
		Debug|Any CPU = Debug|Any CPU
		Release|Any CPU = Release|Any CPU
	EndGlobalSection
	GlobalSection(ProjectConfigurationPlatforms) = postSolution
		{BA1D611A-EA29-4C2E-9C47-8839A9909ABC}.Debug|Any CPU.ActiveCfg = Debug|Any CPU
		{BA1D611A-EA29-4C2E-9C47-8839A9909ABC}.Debug|Any CPU.Build.0 = Debug|Any CPU
		{BA1D611A-EA29-4C2E-9C47-8839A9909ABC}.Release|Any CPU.ActiveCfg = Release|Any CPU
		{BA1D611A-EA29-4C2E-9C47-8839A9909ABC}.Release|Any CPU.Build.0 = Release|Any CPU
		{50B2DB8E-51A5-4763-AE13-887CB4D25A10}.Debug|Any CPU.ActiveCfg = Debug|Any CPU
		{50B2DB8E-51A5-4763-AE13-887CB4D25A10}.Debug|Any CPU.Build.0 = Debug|Any CPU
		{50B2DB8E-51A5-4763-AE13-887CB4D25A10}.Release|Any CPU.ActiveCfg = Release|Any CPU
		{50B2DB8E-51A5-4763-AE13-887CB4D25A10}.Release|Any CPU.Build.0 = Release|Any CPU
		{4E7B1918-A56A-4DD9-B617-D0805ECC3FE2}.Debug|Any CPU.ActiveCfg = Debug|Any CPU
		{4E7B1918-A56A-4DD9-B617-D0805ECC3FE2}.Debug|Any CPU.Build.0 = Debug|Any CPU
		{4E7B1918-A56A-4DD9-B617-D0805ECC3FE2}.Release|Any CPU.ActiveCfg = Release|Any CPU
		{4E7B1918-A56A-4DD9-B617-D0805ECC3FE2}.Release|Any CPU.Build.0 = Release|Any CPU
		{707CF43A-2366-4C25-A12D-678BF45AD3FB}.Debug|Any CPU.ActiveCfg = Debug|Any CPU
		{707CF43A-2366-4C25-A12D-678BF45AD3FB}.Debug|Any CPU.Build.0 = Debug|Any CPU
		{707CF43A-2366-4C25-A12D-678BF45AD3FB}.Release|Any CPU.ActiveCfg = Release|Any CPU
		{707CF43A-2366-4C25-A12D-678BF45AD3FB}.Release|Any CPU.Build.0 = Release|Any CPU
		{6E975601-E3E0-4811-9DB1-C4C7153A4EAC}.Debug|Any CPU.ActiveCfg = Debug|Any CPU
		{6E975601-E3E0-4811-9DB1-C4C7153A4EAC}.Debug|Any CPU.Build.0 = Debug|Any CPU
		{6E975601-E3E0-4811-9DB1-C4C7153A4EAC}.Release|Any CPU.ActiveCfg = Release|Any CPU
		{6E975601-E3E0-4811-9DB1-C4C7153A4EAC}.Release|Any CPU.Build.0 = Release|Any CPU
		{75EB878F-84EE-4E25-8D8A-2FF6A809BE23}.Debug|Any CPU.ActiveCfg = Debug|Any CPU
		{75EB878F-84EE-4E25-8D8A-2FF6A809BE23}.Debug|Any CPU.Build.0 = Debug|Any CPU
		{75EB878F-84EE-4E25-8D8A-2FF6A809BE23}.Release|Any CPU.ActiveCfg = Release|Any CPU
		{75EB878F-84EE-4E25-8D8A-2FF6A809BE23}.Release|Any CPU.Build.0 = Release|Any CPU
	EndGlobalSection
	GlobalSection(SolutionProperties) = preSolution
		HideSolutionNode = FALSE
	EndGlobalSection
	GlobalSection(NestedProjects) = preSolution
		{BA1D611A-EA29-4C2E-9C47-8839A9909ABC} = {7F453299-628D-465E-A67D-62427704E729}
		{50B2DB8E-51A5-4763-AE13-887CB4D25A10} = {7F453299-628D-465E-A67D-62427704E729}
		{4E7B1918-A56A-4DD9-B617-D0805ECC3FE2} = {7F453299-628D-465E-A67D-62427704E729}
		{707CF43A-2366-4C25-A12D-678BF45AD3FB} = {7F453299-628D-465E-A67D-62427704E729}
	EndGlobalSection
	GlobalSection(ExtensibilityGlobals) = postSolution
		SolutionGuid = {9980340E-9176-487F-8315-D1A5508495FE}
	EndGlobalSection
EndGlobal
